
Microsoft Visual Studio Solution File, Format Version 12.00
# Visual Studio Version 17
VisualStudioVersion = 17.14.36127.28
MinimumVisualStudioVersion = 10.0.40219.1
Project("{FAE04EC0-301F-11D3-BF4B-00C04F79EFBC}") = "FinancialSystem.UI", "FinancialSystem.UI\FinancialSystem.UI.csproj", "{745E7F38-B73E-4042-A9A2-D5E964A579F0}"
EndProject
Project("{FAE04EC0-301F-11D3-BF4B-00C04F79EFBC}") = "FinancialSystem.Domain", "FinancialSystem.Domain\FinancialSystem.Domain.csproj", "{0FA96975-7713-4DD5-9EDC-CC7C62B9BA91}"
EndProject
Project("{FAE04EC0-301F-11D3-BF4B-00C04F79EFBC}") = "FinancialSystem.Application", "FinancialSystem.Application\FinancialSystem.Application.csproj", "{C4393F00-188A-4B12-828F-E7A20160139F}"
EndProject
Project("{FAE04EC0-301F-11D3-BF4B-00C04F79EFBC}") = "FinancialSystem.Infrastructure", "FinancialSystem.Infrastructure\FinancialSystem.Infrastructure.csproj", "{900857C9-80D4-43A2-B7CB-0403C59619AE}"
EndProject
Global
	GlobalSection(SolutionConfigurationPlatforms) = preSolution
		Debug|Any CPU = Debug|Any CPU
		Release|Any CPU = Release|Any CPU
	EndGlobalSection
	GlobalSection(ProjectConfigurationPlatforms) = postSolution
		{745E7F38-B73E-4042-A9A2-D5E964A579F0}.Debug|Any CPU.ActiveCfg = Debug|Any CPU
		{745E7F38-B73E-4042-A9A2-D5E964A579F0}.Debug|Any CPU.Build.0 = Debug|Any CPU
		{745E7F38-B73E-4042-A9A2-D5E964A579F0}.Release|Any CPU.ActiveCfg = Release|Any CPU
		{745E7F38-B73E-4042-A9A2-D5E964A579F0}.Release|Any CPU.Build.0 = Release|Any CPU
		{0FA96975-7713-4DD5-9EDC-CC7C62B9BA91}.Debug|Any CPU.ActiveCfg = Debug|Any CPU
		{0FA96975-7713-4DD5-9EDC-CC7C62B9BA91}.Debug|Any CPU.Build.0 = Debug|Any CPU
		{0FA96975-7713-4DD5-9EDC-CC7C62B9BA91}.Release|Any CPU.ActiveCfg = Release|Any CPU
		{0FA96975-7713-4DD5-9EDC-CC7C62B9BA91}.Release|Any CPU.Build.0 = Release|Any CPU
		{C4393F00-188A-4B12-828F-E7A20160139F}.Debug|Any CPU.ActiveCfg = Debug|Any CPU
		{C4393F00-188A-4B12-828F-E7A20160139F}.Debug|Any CPU.Build.0 = Debug|Any CPU
		{C4393F00-188A-4B12-828F-E7A20160139F}.Release|Any CPU.ActiveCfg = Release|Any CPU
		{C4393F00-188A-4B12-828F-E7A20160139F}.Release|Any CPU.Build.0 = Release|Any CPU
		{900857C9-80D4-43A2-B7CB-0403C59619AE}.Debug|Any CPU.ActiveCfg = Debug|Any CPU
		{900857C9-80D4-43A2-B7CB-0403C59619AE}.Debug|Any CPU.Build.0 = Debug|Any CPU
		{900857C9-80D4-43A2-B7CB-0403C59619AE}.Release|Any CPU.ActiveCfg = Release|Any CPU
		{900857C9-80D4-43A2-B7CB-0403C59619AE}.Release|Any CPU.Build.0 = Release|Any CPU
	EndGlobalSection
	GlobalSection(SolutionProperties) = preSolution
		HideSolutionNode = FALSE
	EndGlobalSection
	GlobalSection(ExtensibilityGlobals) = postSolution
		SolutionGuid = {7D709114-8474-44D5-84EB-DFDB9A0958F8}
	EndGlobalSection
EndGlobal
